
Microsoft Visual Studio Solution File, Format Version 12.00
# Visual Studio 15
VisualStudioVersion = 15.0.28307.329
MinimumVisualStudioVersion = 10.0.40219.1
Project("{FAE04EC0-301F-11D3-BF4B-00C04F79EFBC}") = "OdeToFood", "OdeToFood\OdeToFood.csproj", "{D16DACA5-145D-4142-8A18-FA94708DDE02}"
EndProject
Global
	GlobalSection(SolutionConfigurationPlatforms) = preSolution
		Debug|Any CPU = Debug|Any CPU
		Release|Any CPU = Release|Any CPU
	EndGlobalSection
	GlobalSection(ProjectConfigurationPlatforms) = postSolution
		{D16DACA5-145D-4142-8A18-FA94708DDE02}.Debug|Any CPU.ActiveCfg = Debug|Any CPU
		{D16DACA5-145D-4142-8A18-FA94708DDE02}.Debug|Any CPU.Build.0 = Debug|Any CPU
		{D16DACA5-145D-4142-8A18-FA94708DDE02}.Release|Any CPU.ActiveCfg = Release|Any CPU
		{D16DACA5-145D-4142-8A18-FA94708DDE02}.Release|Any CPU.Build.0 = Release|Any CPU
	EndGlobalSection
	GlobalSection(SolutionProperties) = preSolution
		HideSolutionNode = FALSE
	EndGlobalSection
	GlobalSection(ExtensibilityGlobals) = postSolution
		SolutionGuid = {E0C24F87-6ECB-4608-AA04-646FDDEC3F35}
	EndGlobalSection
EndGlobal
